
Microsoft Visual Studio Solution File, Format Version 12.00
# Visual Studio Version 17
VisualStudioVersion = 17.0.31903.59
MinimumVisualStudioVersion = 10.0.40219.1
Project("{2150E333-8FDC-42A3-9474-1A3956D46DE8}") = "dotnet", "dotnet", "{71E6E750-85FD-B5BC-4321-E01377EC6231}"
EndProject
Project("{FAE04EC0-301F-11D3-BF4B-00C04F79EFBC}") = "src", "dotnet\src\src.csproj", "{0CBB2DB1-6B79-4EC3-9DD4-EC751B075F76}"
EndProject
Project("{2150E333-8FDC-42A3-9474-1A3956D46DE8}") = "examples", "examples", "{B36A84DF-456D-A817-6EDD-3EC3E7F6E11F}"
EndProject
Project("{2150E333-8FDC-42A3-9474-1A3956D46DE8}") = "fullstack-app-with-tests", "fullstack-app-with-tests", "{9086A26D-F2AD-43F3-7006-BA20BEE80162}"
EndProject
Project("{2150E333-8FDC-42A3-9474-1A3956D46DE8}") = "server", "server", "{6CDF5F6A-795D-785E-720B-AB41D7281E2C}"
EndProject
Project("{FAE04EC0-301F-11D3-BF4B-00C04F79EFBC}") = "api", "examples\fullstack-app-with-tests\server\api\api.csproj", "{05F7DBAB-FF97-48C3-B094-D82F3D9386AB}"
EndProject
Project("{FAE04EC0-301F-11D3-BF4B-00C04F79EFBC}") = "dataccess", "examples\fullstack-app-with-tests\server\dataccess\dataccess.csproj", "{6EDD484C-2ACE-4866-8112-572367F0A774}"
EndProject
Project("{FAE04EC0-301F-11D3-BF4B-00C04F79EFBC}") = "tests", "examples\fullstack-app-with-tests\server\tests\tests.csproj", "{7F0A58FF-9429-4953-877A-8EF2752DF90B}"
EndProject
Project("{FAE04EC0-301F-11D3-BF4B-00C04F79EFBC}") = "tests", "dotnet\tests\tests.csproj", "{4C409EC1-FBFD-4BB6-91CB-D37C01304EE0}"
EndProject
Global
	GlobalSection(SolutionConfigurationPlatforms) = preSolution
		Debug|Any CPU = Debug|Any CPU
		Debug|x64 = Debug|x64
		Debug|x86 = Debug|x86
		Release|Any CPU = Release|Any CPU
		Release|x64 = Release|x64
		Release|x86 = Release|x86
	EndGlobalSection
	GlobalSection(ProjectConfigurationPlatforms) = postSolution
		{0CBB2DB1-6B79-4EC3-9DD4-EC751B075F76}.Debug|Any CPU.ActiveCfg = Debug|Any CPU
		{0CBB2DB1-6B79-4EC3-9DD4-EC751B075F76}.Debug|Any CPU.Build.0 = Debug|Any CPU
		{0CBB2DB1-6B79-4EC3-9DD4-EC751B075F76}.Debug|x64.ActiveCfg = Debug|Any CPU
		{0CBB2DB1-6B79-4EC3-9DD4-EC751B075F76}.Debug|x64.Build.0 = Debug|Any CPU
		{0CBB2DB1-6B79-4EC3-9DD4-EC751B075F76}.Debug|x86.ActiveCfg = Debug|Any CPU
		{0CBB2DB1-6B79-4EC3-9DD4-EC751B075F76}.Debug|x86.Build.0 = Debug|Any CPU
		{0CBB2DB1-6B79-4EC3-9DD4-EC751B075F76}.Release|Any CPU.ActiveCfg = Release|Any CPU
		{0CBB2DB1-6B79-4EC3-9DD4-EC751B075F76}.Release|Any CPU.Build.0 = Release|Any CPU
		{0CBB2DB1-6B79-4EC3-9DD4-EC751B075F76}.Release|x64.ActiveCfg = Release|Any CPU
		{0CBB2DB1-6B79-4EC3-9DD4-EC751B075F76}.Release|x64.Build.0 = Release|Any CPU
		{0CBB2DB1-6B79-4EC3-9DD4-EC751B075F76}.Release|x86.ActiveCfg = Release|Any CPU
		{0CBB2DB1-6B79-4EC3-9DD4-EC751B075F76}.Release|x86.Build.0 = Release|Any CPU
		{05F7DBAB-FF97-48C3-B094-D82F3D9386AB}.Debug|Any CPU.ActiveCfg = Debug|Any CPU
		{05F7DBAB-FF97-48C3-B094-D82F3D9386AB}.Debug|Any CPU.Build.0 = Debug|Any CPU
		{05F7DBAB-FF97-48C3-B094-D82F3D9386AB}.Debug|x64.ActiveCfg = Debug|Any CPU
		{05F7DBAB-FF97-48C3-B094-D82F3D9386AB}.Debug|x64.Build.0 = Debug|Any CPU
		{05F7DBAB-FF97-48C3-B094-D82F3D9386AB}.Debug|x86.ActiveCfg = Debug|Any CPU
		{05F7DBAB-FF97-48C3-B094-D82F3D9386AB}.Debug|x86.Build.0 = Debug|Any CPU
		{05F7DBAB-FF97-48C3-B094-D82F3D9386AB}.Release|Any CPU.ActiveCfg = Release|Any CPU
		{05F7DBAB-FF97-48C3-B094-D82F3D9386AB}.Release|Any CPU.Build.0 = Release|Any CPU
		{05F7DBAB-FF97-48C3-B094-D82F3D9386AB}.Release|x64.ActiveCfg = Release|Any CPU
		{05F7DBAB-FF97-48C3-B094-D82F3D9386AB}.Release|x64.Build.0 = Release|Any CPU
		{05F7DBAB-FF97-48C3-B094-D82F3D9386AB}.Release|x86.ActiveCfg = Release|Any CPU
		{05F7DBAB-FF97-48C3-B094-D82F3D9386AB}.Release|x86.Build.0 = Release|Any CPU
		{6EDD484C-2ACE-4866-8112-572367F0A774}.Debug|Any CPU.ActiveCfg = Debug|Any CPU
		{6EDD484C-2ACE-4866-8112-572367F0A774}.Debug|Any CPU.Build.0 = Debug|Any CPU
		{6EDD484C-2ACE-4866-8112-572367F0A774}.Debug|x64.ActiveCfg = Debug|Any CPU
		{6EDD484C-2ACE-4866-8112-572367F0A774}.Debug|x64.Build.0 = Debug|Any CPU
		{6EDD484C-2ACE-4866-8112-572367F0A774}.Debug|x86.ActiveCfg = Debug|Any CPU
		{6EDD484C-2ACE-4866-8112-572367F0A774}.Debug|x86.Build.0 = Debug|Any CPU
		{6EDD484C-2ACE-4866-8112-572367F0A774}.Release|Any CPU.ActiveCfg = Release|Any CPU
		{6EDD484C-2ACE-4866-8112-572367F0A774}.Release|Any CPU.Build.0 = Release|Any CPU
		{6EDD484C-2ACE-4866-8112-572367F0A774}.Release|x64.ActiveCfg = Release|Any CPU
		{6EDD484C-2ACE-4866-8112-572367F0A774}.Release|x64.Build.0 = Release|Any CPU
		{6EDD484C-2ACE-4866-8112-572367F0A774}.Release|x86.ActiveCfg = Release|Any CPU
		{6EDD484C-2ACE-4866-8112-572367F0A774}.Release|x86.Build.0 = Release|Any CPU
		{7F0A58FF-9429-4953-877A-8EF2752DF90B}.Debug|Any CPU.ActiveCfg = Debug|Any CPU
		{7F0A58FF-9429-4953-877A-8EF2752DF90B}.Debug|Any CPU.Build.0 = Debug|Any CPU
		{7F0A58FF-9429-4953-877A-8EF2752DF90B}.Debug|x64.ActiveCfg = Debug|Any CPU
		{7F0A58FF-9429-4953-877A-8EF2752DF90B}.Debug|x64.Build.0 = Debug|Any CPU
		{7F0A58FF-9429-4953-877A-8EF2752DF90B}.Debug|x86.ActiveCfg = Debug|Any CPU
		{7F0A58FF-9429-4953-877A-8EF2752DF90B}.Debug|x86.Build.0 = Debug|Any CPU
		{7F0A58FF-9429-4953-877A-8EF2752DF90B}.Release|Any CPU.ActiveCfg = Release|Any CPU
		{7F0A58FF-9429-4953-877A-8EF2752DF90B}.Release|Any CPU.Build.0 = Release|Any CPU
		{7F0A58FF-9429-4953-877A-8EF2752DF90B}.Release|x64.ActiveCfg = Release|Any CPU
		{7F0A58FF-9429-4953-877A-8EF2752DF90B}.Release|x64.Build.0 = Release|Any CPU
		{7F0A58FF-9429-4953-877A-8EF2752DF90B}.Release|x86.ActiveCfg = Release|Any CPU
		{7F0A58FF-9429-4953-877A-8EF2752DF90B}.Release|x86.Build.0 = Release|Any CPU
		{4C409EC1-FBFD-4BB6-91CB-D37C01304EE0}.Debug|Any CPU.ActiveCfg = Debug|Any CPU
		{4C409EC1-FBFD-4BB6-91CB-D37C01304EE0}.Debug|Any CPU.Build.0 = Debug|Any CPU
		{4C409EC1-FBFD-4BB6-91CB-D37C01304EE0}.Debug|x64.ActiveCfg = Debug|Any CPU
		{4C409EC1-FBFD-4BB6-91CB-D37C01304EE0}.Debug|x64.Build.0 = Debug|Any CPU
		{4C409EC1-FBFD-4BB6-91CB-D37C01304EE0}.Debug|x86.ActiveCfg = Debug|Any CPU
		{4C409EC1-FBFD-4BB6-91CB-D37C01304EE0}.Debug|x86.Build.0 = Debug|Any CPU
		{4C409EC1-FBFD-4BB6-91CB-D37C01304EE0}.Release|Any CPU.ActiveCfg = Release|Any CPU
		{4C409EC1-FBFD-4BB6-91CB-D37C01304EE0}.Release|Any CPU.Build.0 = Release|Any CPU
		{4C409EC1-FBFD-4BB6-91CB-D37C01304EE0}.Release|x64.ActiveCfg = Release|Any CPU
		{4C409EC1-FBFD-4BB6-91CB-D37C01304EE0}.Release|x64.Build.0 = Release|Any CPU
		{4C409EC1-FBFD-4BB6-91CB-D37C01304EE0}.Release|x86.ActiveCfg = Release|Any CPU
		{4C409EC1-FBFD-4BB6-91CB-D37C01304EE0}.Release|x86.Build.0 = Release|Any CPU
	EndGlobalSection
	GlobalSection(SolutionProperties) = preSolution
		HideSolutionNode = FALSE
	EndGlobalSection
	GlobalSection(NestedProjects) = preSolution
		{0CBB2DB1-6B79-4EC3-9DD4-EC751B075F76} = {71E6E750-85FD-B5BC-4321-E01377EC6231}
		{9086A26D-F2AD-43F3-7006-BA20BEE80162} = {B36A84DF-456D-A817-6EDD-3EC3E7F6E11F}
		{6CDF5F6A-795D-785E-720B-AB41D7281E2C} = {9086A26D-F2AD-43F3-7006-BA20BEE80162}
		{05F7DBAB-FF97-48C3-B094-D82F3D9386AB} = {6CDF5F6A-795D-785E-720B-AB41D7281E2C}
		{6EDD484C-2ACE-4866-8112-572367F0A774} = {6CDF5F6A-795D-785E-720B-AB41D7281E2C}
		{7F0A58FF-9429-4953-877A-8EF2752DF90B} = {6CDF5F6A-795D-785E-720B-AB41D7281E2C}
		{4C409EC1-FBFD-4BB6-91CB-D37C01304EE0} = {71E6E750-85FD-B5BC-4321-E01377EC6231}
	EndGlobalSection
EndGlobal
